
Microsoft Visual Studio Solution File, Format Version 12.00
# Visual Studio 2012
Project("{FAE04EC0-301F-11D3-BF4B-00C04F79EFBC}") = "TryCatchTest", "TryCatchTest\TryCatchTest.csproj", "{A4307B28-6F75-4BE1-9925-8D7FE22E3352}"
EndProject
Global
	GlobalSection(SolutionConfigurationPlatforms) = preSolution
		Debug|x86 = Debug|x86
		Release|x86 = Release|x86
	EndGlobalSection
	GlobalSection(ProjectConfigurationPlatforms) = postSolution
		{A4307B28-6F75-4BE1-9925-8D7FE22E3352}.Debug|x86.ActiveCfg = Debug|x86
		{A4307B28-6F75-4BE1-9925-8D7FE22E3352}.Debug|x86.Build.0 = Debug|x86
		{A4307B28-6F75-4BE1-9925-8D7FE22E3352}.Release|x86.ActiveCfg = Release|x86
		{A4307B28-6F75-4BE1-9925-8D7FE22E3352}.Release|x86.Build.0 = Release|x86
	EndGlobalSection
EndGlobal
