
Microsoft Visual Studio Solution File, Format Version 11.00
# Visual Studio 2010
# SharpDevelop 5.1
Project("{FAE04EC0-301F-11D3-BF4B-00C04F79EFBC}") = "Hello", "Hello\Hello.csproj", "{F4D1665A-39FE-4E2D-85C9-CF8F75CEF2D6}"
EndProject
Global
	GlobalSection(SolutionConfigurationPlatforms) = preSolution
		Debug|Any CPU = Debug|Any CPU
		Release|Any CPU = Release|Any CPU
	EndGlobalSection
	GlobalSection(ProjectConfigurationPlatforms) = postSolution
		{F4D1665A-39FE-4E2D-85C9-CF8F75CEF2D6}.Debug|Any CPU.ActiveCfg = Debug|Any CPU
		{F4D1665A-39FE-4E2D-85C9-CF8F75CEF2D6}.Debug|Any CPU.Build.0 = Debug|Any CPU
		{F4D1665A-39FE-4E2D-85C9-CF8F75CEF2D6}.Release|Any CPU.ActiveCfg = Release|Any CPU
		{F4D1665A-39FE-4E2D-85C9-CF8F75CEF2D6}.Release|Any CPU.Build.0 = Release|Any CPU
	EndGlobalSection
EndGlobal
